<?xml version="1.0" encoding="utf-8"?>
<Project ToolsVersion="4.0" xmlns="http://schemas.microsoft.com/developer/msbuild/2003">
  <ItemGroup>
    <Filter Include="Source Files">
      <UniqueIdentifier>{4FC737F1-C7A5-4376-A066-2A32D752A2FF}</UniqueIdentifier>
      <Extensions>cpp;c;cc;cxx;def;odl;idl;hpj;bat;asm;asmx</Extensions>
    </Filter>
    <Filter Include="Header Files">
      <UniqueIdentifier>{93995380-89BD-4b04-88EB-625FBE52EBFB}</UniqueIdentifier>
      <Extensions>h;hh;hpp;hxx;hm;inl;inc;ipp;xsd</Extensions>
    </Filter>
    <Filter Include="Resource Files">
      <UniqueIdentifier>{67DA6AB6-F800-4c08-8B7A-83BB121AAD01}</UniqueIdentifier>
      <Extensions>rc;ico;cur;bmp;dlg;rc2;rct;bin;rgs;gif;jpg;jpeg;jpe;resx;tiff;tif;png;wav;mfcribbon-ms</Extensions>
    </Filter>
  </ItemGroup>
  <ItemGroup>
    <ClInclude Include="stdafx.h">
      <Filter>Header Files</Filter>
    </ClInclude>
    <ClInclude Include="targetver.h">
      <Filter>Header Files</Filter>
    </ClInclude>
    <ClInclude Include="CBLogger.h">
      <Filter>Header Files</Filter>
    </ClInclude>
    <ClInclude Include="Util.h">
      <Filter>Header Files</Filter>
    </ClInclude>
    <ClInclude Include="IMessage.h">
      <Filter>Header Files</Filter>
    </ClInclude>
    <ClInclude Include="RegisterCommandMessage.h">
      <Filter>Header Files</Filter>
    </ClInclude>
    <ClInclude Include="LoginCommandMessage.h">
      <Filter>Header Files</Filter>
    </ClInclude>
    <ClInclude Include="LogoutCommandMessage.h">
      <Filter>Header Files</Filter>
    </ClInclude>
    <ClInclude Include="ListUsersCommandMessage.h">
      <Filter>Header Files</Filter>
    </ClInclude>
    <ClInclude Include="ChatCommandMessage.h">
      <Filter>Header Files</Filter>
    </ClInclude>
    <ClInclude Include="TextChatterMessage.h">
      <Filter>Header Files</Filter>
    </ClInclude>
    <ClInclude Include="LoginCommandResponseMessage.h">
      <Filter>Header Files</Filter>
    </ClInclude>
    <ClInclude Include="RegisterCommandResponseMessage.h">
      <Filter>Header Files</Filter>
    </ClInclude>
    <ClInclude Include="LogoutCommandResponseMessage.h">
      <Filter>Header Files</Filter>
    </ClInclude>
    <ClInclude Include="ListUsersCommandResponseMessage.h">
      <Filter>Header Files</Filter>
    </ClInclude>
    <ClInclude Include="ChatCommandResponseMessage.h">
      <Filter>Header Files</Filter>
    </ClInclude>
    <ClInclude Include="IMessageQueue.h">
      <Filter>Header Files</Filter>
    </ClInclude>
    <ClInclude Include="BackgroundWorker.h">
      <Filter>Header Files</Filter>
    </ClInclude>
    <ClInclude Include="IRunnable.h">
      <Filter>Header Files</Filter>
    </ClInclude>
    <ClInclude Include="ChatterBoxThread.h">
      <Filter>Header Files</Filter>
    </ClInclude>
  </ItemGroup>
  <ItemGroup>
    <ClCompile Include="stdafx.cpp">
      <Filter>Source Files</Filter>
    </ClCompile>
    <ClCompile Include="CBLogger.cpp">
      <Filter>Source Files</Filter>
    </ClCompile>
    <ClCompile Include="Util.cpp">
      <Filter>Source Files</Filter>
    </ClCompile>
    <ClCompile Include="RegisterCommandMessage.cpp">
      <Filter>Source Files</Filter>
    </ClCompile>
    <ClCompile Include="LoginCommandMessage.cpp">
      <Filter>Source Files</Filter>
    </ClCompile>
    <ClCompile Include="LogoutCommandMessage.cpp">
      <Filter>Source Files</Filter>
    </ClCompile>
    <ClCompile Include="ListUsersCommandMessage.cpp">
      <Filter>Source Files</Filter>
    </ClCompile>
    <ClCompile Include="ChatCommandMessage.cpp">
      <Filter>Source Files</Filter>
    </ClCompile>
    <ClCompile Include="TextChatterMessage.cpp">
      <Filter>Source Files</Filter>
    </ClCompile>
    <ClCompile Include="LoginCommandResponseMessage.cpp">
      <Filter>Source Files</Filter>
    </ClCompile>
    <ClCompile Include="RegisterCommandResponseMessage.cpp">
      <Filter>Source Files</Filter>
    </ClCompile>
    <ClCompile Include="LogoutCommandResponseMessage.cpp">
      <Filter>Source Files</Filter>
    </ClCompile>
    <ClCompile Include="ListUsersCommandResponseMessage.cpp">
      <Filter>Source Files</Filter>
    </ClCompile>
    <ClCompile Include="ChatCommandResponseMessage.cpp">
      <Filter>Source Files</Filter>
    </ClCompile>
    <ClCompile Include="IMessageQueue.cpp">
      <Filter>Source Files</Filter>
    </ClCompile>
    <ClCompile Include="BackgroundWorker.cpp">
      <Filter>Source Files</Filter>
    </ClCompile>
    <ClCompile Include="IRunnable.cpp">
      <Filter>Source Files</Filter>
    </ClCompile>
    <ClCompile Include="ChatterBoxThread.cpp">
      <Filter>Source Files</Filter>
    </ClCompile>
  </ItemGroup>
</Project>